
Microsoft Visual Studio Solution File, Format Version 12.00
# Visual Studio Version 17
VisualStudioVersion = 17.9.34616.47
MinimumVisualStudioVersion = 10.0.40219.1
Project("{9A19103F-16F7-4668-BE54-9A1E7A4F7556}") = "OnlineStore.MVP.Views.Implementations.UserIdentification", "OnlineStore.MVP.Views.Implementations.UserIdentification\OnlineStore.MVP.Views.Implementations.UserIdentification.csproj", "{50A3308E-45DA-4C1D-B216-3BC7FE984F4F}"
EndProject
Project("{2150E333-8FDC-42A3-9474-1A3956D46DE8}") = "Core", "Core", "{3D645AC8-7257-429D-90BB-957E89C9CEBB}"
EndProject
Project("{2150E333-8FDC-42A3-9474-1A3956D46DE8}") = "MVP", "MVP", "{585F3002-807A-4B28-8318-37B771523429}"
EndProject
Project("{2150E333-8FDC-42A3-9474-1A3956D46DE8}") = "DataAccess", "DataAccess", "{3DB1BA60-97FC-4793-B7B2-0A8CDEB23A27}"
EndProject
Project("{2150E333-8FDC-42A3-9474-1A3956D46DE8}") = "Services", "Services", "{6225828D-CEC2-498E-972E-8CF0C33C35CB}"
EndProject
Project("{2150E333-8FDC-42A3-9474-1A3956D46DE8}") = "Entities", "Entities", "{F4571297-A89E-483A-B0E7-C6FF79EE5825}"
EndProject
Project("{2150E333-8FDC-42A3-9474-1A3956D46DE8}") = "Views", "Views", "{90122F37-D555-4096-A3AB-6B6203B1AB06}"
EndProject
Project("{2150E333-8FDC-42A3-9474-1A3956D46DE8}") = "Presenters", "Presenters", "{87091E70-9C63-4560-A664-8B4586787AC8}"
EndProject
Project("{2150E333-8FDC-42A3-9474-1A3956D46DE8}") = "ViewModels", "ViewModels", "{506944E8-7866-49E6-A9F1-78731BD1528D}"
EndProject
Project("{2150E333-8FDC-42A3-9474-1A3956D46DE8}") = "Abstractions", "Abstractions", "{30C953B1-016D-48B4-AA7E-FAD534F6A2D4}"
EndProject
Project("{2150E333-8FDC-42A3-9474-1A3956D46DE8}") = "Abstractions", "Abstractions", "{15346B7D-1E5C-4FD3-BA53-7D72AE8F8908}"
EndProject
Project("{2150E333-8FDC-42A3-9474-1A3956D46DE8}") = "Abstractions", "Abstractions", "{F16B8ED8-BAD2-4C14-A3D5-BA2E11376342}"
EndProject
Project("{2150E333-8FDC-42A3-9474-1A3956D46DE8}") = "Abstractions", "Abstractions", "{2729D129-5EB0-4A09-95A4-49CE4A40B3AB}"
EndProject
Project("{2150E333-8FDC-42A3-9474-1A3956D46DE8}") = "Implementations", "Implementations", "{1AAA8BF2-F261-4B03-B8AC-FE5112D13141}"
EndProject
Project("{2150E333-8FDC-42A3-9474-1A3956D46DE8}") = "UserIdentification", "UserIdentification", "{B44FFC80-4837-4B6B-B473-877CE4700BA2}"
EndProject
Project("{2150E333-8FDC-42A3-9474-1A3956D46DE8}") = "MainWindow", "MainWindow", "{7B82DDE5-AE0F-47CA-8D92-C044AB673E37}"
EndProject
Project("{2150E333-8FDC-42A3-9474-1A3956D46DE8}") = "MainInterface", "MainInterface", "{FD3C2E12-7738-409D-86AB-CDA7AABA6B12}"
EndProject
Project("{9A19103F-16F7-4668-BE54-9A1E7A4F7556}") = "OnlineStore.MVP.Views.Abstractions.MainInterface", "OnlineStore.MVP.Views.Abstractions.MainInterface\OnlineStore.MVP.Views.Abstractions.MainInterface.csproj", "{70269CDE-BA5D-485B-95E1-763F42C71E1A}"
EndProject
Project("{2150E333-8FDC-42A3-9474-1A3956D46DE8}") = "UserIdentification", "UserIdentification", "{1E77DFA0-8FD1-458C-9077-1102AF1BB97E}"
EndProject
Project("{2150E333-8FDC-42A3-9474-1A3956D46DE8}") = "MainWindow", "MainWindow", "{5F680869-934B-42FA-BC23-34C040350058}"
EndProject
Project("{2150E333-8FDC-42A3-9474-1A3956D46DE8}") = "Contracts", "Contracts", "{29C2FED1-FEFB-4AEC-97FE-F31C5234B7D9}"
EndProject
Project("{2150E333-8FDC-42A3-9474-1A3956D46DE8}") = "Interfaces", "Interfaces", "{7A4EE81C-D371-47CD-8B26-D8CC646D7D6F}"
EndProject
Project("{2150E333-8FDC-42A3-9474-1A3956D46DE8}") = "ThirdParty", "ThirdParty", "{9766F7AD-4314-410B-A439-C6B191693706}"
EndProject
Project("{2150E333-8FDC-42A3-9474-1A3956D46DE8}") = "IoC", "IoC", "{B3E6DC6A-CEDF-48A3-A481-0C9ECFAB21DC}"
EndProject
Project("{2150E333-8FDC-42A3-9474-1A3956D46DE8}") = "Configuration", "Configuration", "{F01DBAFC-91C9-4E4D-BF4E-C9AE6958C367}"
EndProject
Project("{2150E333-8FDC-42A3-9474-1A3956D46DE8}") = "Abstractions", "Abstractions", "{9D264251-C32B-4B30-9024-16072D7B9150}"
EndProject
Project("{2150E333-8FDC-42A3-9474-1A3956D46DE8}") = "Abstractions", "Abstractions", "{068F0FFC-D4BE-4EC4-8BC0-F071221FDA04}"
EndProject
Project("{2150E333-8FDC-42A3-9474-1A3956D46DE8}") = "Microsoft", "Microsoft", "{3FED8BAE-13C0-4869-A67D-B4491D5CEB41}"
EndProject
Project("{2150E333-8FDC-42A3-9474-1A3956D46DE8}") = "Autofac", "Autofac", "{B954F286-59F0-4F98-959C-E8F9B3117A40}"
EndProject
Project("{2150E333-8FDC-42A3-9474-1A3956D46DE8}") = "Relational", "Relational", "{67F95A80-74A9-42D9-AF87-03D46EB672D7}"
EndProject
Project("{2150E333-8FDC-42A3-9474-1A3956D46DE8}") = "Functionality", "Functionality", "{4EA45A48-6727-4FFE-B6A0-508D92B9B0FD}"
EndProject
Project("{2150E333-8FDC-42A3-9474-1A3956D46DE8}") = "Providers", "Providers", "{B02F71AF-3598-4E96-B19A-4A55B2596164}"
EndProject
Project("{2150E333-8FDC-42A3-9474-1A3956D46DE8}") = "Contracts", "Contracts", "{353A8CAD-EFD7-4030-A52C-3213B1298023}"
EndProject
Project("{2150E333-8FDC-42A3-9474-1A3956D46DE8}") = "Models", "Models", "{EB068DF1-FEAF-4088-9546-ED9C92676AD8}"
EndProject
Project("{2150E333-8FDC-42A3-9474-1A3956D46DE8}") = "Attributes", "Attributes", "{CD1CFBEB-85A0-475C-85A7-DEBCCEBAEDE2}"
EndProject
Project("{2150E333-8FDC-42A3-9474-1A3956D46DE8}") = "Tools", "Tools", "{9992E858-3C1C-4E6C-8584-DEB26B9F54A3}"
EndProject
Project("{9A19103F-16F7-4668-BE54-9A1E7A4F7556}") = "OnlineStore.DataAccess.Relational.Attributes", "OnlineStore.DataAccess.Relational.Attributes\OnlineStore.DataAccess.Relational.Attributes.csproj", "{2C84925A-54F8-495E-8917-861153104DC0}"
EndProject
Project("{9A19103F-16F7-4668-BE54-9A1E7A4F7556}") = "OnlineStore.DataAccess.Relational.Models", "OnlineStore.DataAccess.Relational.Models\OnlineStore.DataAccess.Relational.Models.csproj", "{D996F6EE-DF14-402B-B536-9172A64D15E6}"
EndProject
Project("{2150E333-8FDC-42A3-9474-1A3956D46DE8}") = "Implementations", "Implementations", "{BABD0A42-77CB-49F5-A3F8-A7793552F46B}"
EndProject
Project("{2150E333-8FDC-42A3-9474-1A3956D46DE8}") = "SqlServer", "SqlServer", "{40DE4594-55A5-4864-B921-260EF1C5E040}"
EndProject
Project("{9A19103F-16F7-4668-BE54-9A1E7A4F7556}") = "OnlineStore.DataAccess.Relational.Functionality.Providers.Implementations.SqlServer", "OnlineStore.DataAccess.Relational.Functionality.Providers.Implementations.SqlServer\OnlineStore.DataAccess.Relational.Functionality.Providers.Implementations.SqlServer.csproj", "{6DACD453-E7AB-4555-A847-FB3AF141417E}"
EndProject
Project("{9A19103F-16F7-4668-BE54-9A1E7A4F7556}") = "OnlineStore.DataAccess.Relational.Functionality.Providers.Contracts", "OnlineStore.DataAccess.Relational.Functionality.Providers.Contracts\OnlineStore.DataAccess.Relational.Functionality.Providers.Contracts.csproj", "{4265287A-7998-4C33-9B8D-753F56F210F2}"
EndProject
Project("{9A19103F-16F7-4668-BE54-9A1E7A4F7556}") = "OnlineStore.Entities", "OnlineStore.Entities\OnlineStore.Entities.csproj", "{B96B4B95-0103-42ED-8AA9-D904A41F970C}"
EndProject
Project("{2150E333-8FDC-42A3-9474-1A3956D46DE8}") = "Mapper", "Mapper", "{F387EB6F-5F89-431F-A0C2-42C0A48F09EA}"
EndProject
Project("{2150E333-8FDC-42A3-9474-1A3956D46DE8}") = "Abstractions", "Abstractions", "{D340CC1C-0329-42F0-AC31-43BF3EE79E84}"
EndProject
Project("{2150E333-8FDC-42A3-9474-1A3956D46DE8}") = "Implementations", "Implementations", "{271817FF-93B7-478C-B469-2217B1306E0F}"
EndProject
Project("{2150E333-8FDC-42A3-9474-1A3956D46DE8}") = "ADO", "ADO", "{375A01B2-623C-43ED-B0BE-5EB482FC0D28}"
EndProject
Project("{9A19103F-16F7-4668-BE54-9A1E7A4F7556}") = "OnlineStore.DataAccess.Relational.Functionality.Tools.Mapper.Abstractions", "OnlineStore.DataAccess.Relational.Functionality.Tools.Mapper.Abstractions\OnlineStore.DataAccess.Relational.Functionality.Tools.Mapper.Abstractions.csproj", "{21DE2039-0398-460B-8ACF-59053643945E}"
EndProject
Project("{9A19103F-16F7-4668-BE54-9A1E7A4F7556}") = "OnlineStore.DataAccess.Relational.Functionality.Tools.Mapper.Implementations.ADO", "OnlineStore.DataAccess.Relational.Functionality.Tools.Mapper.Implementations.ADO\OnlineStore.DataAccess.Relational.Functionality.Tools.Mapper.Implementations.ADO.csproj", "{982DEE05-74BE-4C45-8895-85F9F47B6A17}"
EndProject
Project("{2150E333-8FDC-42A3-9474-1A3956D46DE8}") = "Repositories", "Repositories", "{352B0169-BCF1-408A-9637-E96605860680}"
EndProject
Project("{2150E333-8FDC-42A3-9474-1A3956D46DE8}") = "SqlServer", "SqlServer", "{CCA3449F-EA44-4ED6-B9E6-AC40A40FE9D3}"
EndProject
Project("{2150E333-8FDC-42A3-9474-1A3956D46DE8}") = "Abstractions", "Abstractions", "{A58DDFF8-BAF7-4428-A246-96686ACA4EC2}"
EndProject
Project("{9A19103F-16F7-4668-BE54-9A1E7A4F7556}") = "OnlineStore.DataAccess.Repositories.SqlServer", "OnlineStore.DataAccess.Repositories.SqlServer\OnlineStore.DataAccess.Repositories.SqlServer.csproj", "{4C4FED96-F977-48AB-89E9-F2C5D02871B5}"
EndProject
Project("{9A19103F-16F7-4668-BE54-9A1E7A4F7556}") = "OnlineStore.DataAccess.Repositories.Abstractions", "OnlineStore.DataAccess.Repositories.Abstractions\OnlineStore.DataAccess.Repositories.Abstractions.csproj", "{D75895F2-D217-4270-91B9-9237B8873292}"
EndProject
Project("{9A19103F-16F7-4668-BE54-9A1E7A4F7556}") = "OnlineStore.Core", "OnlineStore.Core\OnlineStore.Core.csproj", "{82981E67-14FB-429A-9CD5-41999D231C75}"
EndProject
Project("{9A19103F-16F7-4668-BE54-9A1E7A4F7556}") = "OnlineStore.Core.Abstractions", "OnlineStore.Core.Abstractions\OnlineStore.Core.Abstractions.csproj", "{9BC06E84-A045-4ACC-A06B-E31421550871}"
EndProject
Project("{9A19103F-16F7-4668-BE54-9A1E7A4F7556}") = "OnlineStore.Core.IoC.Abstractions", "OnlineStore.Core.IoC.Abstractions\OnlineStore.Core.IoC.Abstractions.csproj", "{BAF869F2-D64E-47BF-917B-06690B502915}"
EndProject
Project("{9A19103F-16F7-4668-BE54-9A1E7A4F7556}") = "OnlineStore.Core.IoC.Autofac", "OnlineStore.Core.IoC.Autofac\OnlineStore.Core.IoC.Autofac.csproj", "{469FB9D8-B68A-45BD-8D47-003D6F30D993}"
EndProject
Project("{9A19103F-16F7-4668-BE54-9A1E7A4F7556}") = "OnlineStore.MVP.Views.Implementations.MainWindow", "OnlineStore.MVP.Views.Implementations.MainWindow\OnlineStore.MVP.Views.Implementations.MainWindow.csproj", "{50D4DE8B-745E-4F69-A2AD-048282E0BF0F}"
EndProject
Project("{2150E333-8FDC-42A3-9474-1A3956D46DE8}") = "Components", "Components", "{F267D7AF-C284-41C4-AB27-5336030F67F5}"
EndProject
Project("{9A19103F-16F7-4668-BE54-9A1E7A4F7556}") = "OnlineStore.Core.Configuration.Abstractions", "OnlineStore.Core.Configuration.Abstractions\OnlineStore.Core.Configuration.Abstractions.csproj", "{439DB491-7B42-49E3-A66C-9AAA58BE4266}"
EndProject
Project("{9A19103F-16F7-4668-BE54-9A1E7A4F7556}") = "OnlineStore.Core.Configuration.Microsoft", "OnlineStore.Core.Configuration.Microsoft\OnlineStore.Core.Configuration.Microsoft.csproj", "{E30B7FD3-B264-4667-A60A-33B3A9CB5656}"
EndProject
Project("{9A19103F-16F7-4668-BE54-9A1E7A4F7556}") = "OnlineStore.MVP.Presenters.Abstractions.Interfaces", "OnlineStore.MVP.Presenters.Abstractions.Interfaces\OnlineStore.MVP.Presenters.Abstractions.Interfaces.csproj", "{4FDFFC73-2C64-4053-BB76-DF4C1C8AA27A}"
EndProject
Project("{9A19103F-16F7-4668-BE54-9A1E7A4F7556}") = "OnlineStore.MVP.Views.Abstractions.UserIdentification", "OnlineStore.MVP.Views.Abstractions.UserIdentification\OnlineStore.MVP.Views.Abstractions.UserIdentification.csproj", "{71D46513-DE76-4DB5-B861-DFFEB1A712F8}"
EndProject
Project("{9A19103F-16F7-4668-BE54-9A1E7A4F7556}") = "OnlineStore.MVP.ViewModels.UserIdentification", "OnlineStore.MVP.ViewModels.UserIdentification\OnlineStore.MVP.ViewModels.UserIdentification.csproj", "{A62FAFC2-DF00-4907-B576-DFCB2323ABB5}"
EndProject
Project("{2150E333-8FDC-42A3-9474-1A3956D46DE8}") = "UserIdentification", "UserIdentification", "{9E5519F1-73AF-4A44-9E48-178484D42095}"
EndProject
Project("{2150E333-8FDC-42A3-9474-1A3956D46DE8}") = "MainWindow", "MainWindow", "{10C44CEA-88AC-45B0-BAEA-DFE23B1026BC}"
EndProject
Project("{9A19103F-16F7-4668-BE54-9A1E7A4F7556}") = "OnlineStore.MVP.ViewModels.MainWindow", "OnlineStore.MVP.ViewModels.MainWindow\OnlineStore.MVP.ViewModels.MainWindow.csproj", "{2ECB5349-685A-4B0E-84F4-D5254D404686}"
EndProject
Project("{2150E333-8FDC-42A3-9474-1A3956D46DE8}") = "Common", "Common", "{AEB1D298-D231-42E1-844B-E897A85771EB}"
EndProject
Project("{9A19103F-16F7-4668-BE54-9A1E7A4F7556}") = "OnlineStore.MVP.ViewModels.Common", "OnlineStore.MVP.ViewModels.Common\OnlineStore.MVP.ViewModels.Common.csproj", "{5D7E936B-4A51-42C2-974C-5F230F70DE3E}"
EndProject
Project("{9A19103F-16F7-4668-BE54-9A1E7A4F7556}") = "OnlineStore.MVP.Views.Abstractions.Mainwindow", "OnlineStore.MVP.Views.Abstractions.Mainwindow\OnlineStore.MVP.Views.Abstractions.Mainwindow.csproj", "{B7B2FD87-E15C-4CD4-94AB-F16F5555C0E4}"
EndProject
Project("{2150E333-8FDC-42A3-9474-1A3956D46DE8}") = "UserIdentification", "UserIdentification", "{44DE19F9-B261-475B-847F-4B9301E6CB11}"
EndProject
Project("{2150E333-8FDC-42A3-9474-1A3956D46DE8}") = "MainWindow", "MainWindow", "{0EE1FA21-3A5C-46C3-A8FD-53A89A6ABDB6}"
EndProject
Project("{FAE04EC0-301F-11D3-BF4B-00C04F79EFBC}") = "OnlineStore.MVP.Views.Implementations.Components", "OnlineStore.MVP.Views.Implementations.Components\OnlineStore.MVP.Views.Implementations.Components.csproj", "{4A06C7AE-7AEF-41F1-9265-49C6C4ADA71C}"
EndProject
Project("{FAE04EC0-301F-11D3-BF4B-00C04F79EFBC}") = "OnlineStore.MVP.Presenters.UserIdentification", "OnlineStore.MVP.Presenters.UserIdentification\OnlineStore.MVP.Presenters.UserIdentification.csproj", "{6A66A0D7-B283-443C-ABE2-C3E0091C1B8B}"
EndProject
Project("{FAE04EC0-301F-11D3-BF4B-00C04F79EFBC}") = "OnlineStore.MVP.Presenters.MainWindow", "OnlineStore.MVP.Presenters.MainWindow\OnlineStore.MVP.Presenters.MainWindow.csproj", "{66239903-F67B-49A8-9B40-50A74D8AFAB2}"
EndProject
Project("{2150E333-8FDC-42A3-9474-1A3956D46DE8}") = "Sections", "Sections", "{C0DD7201-AFE3-473D-8732-6CDD9AD6F644}"
EndProject
Project("{2150E333-8FDC-42A3-9474-1A3956D46DE8}") = "Account", "Account", "{A4CA62C8-F369-4A7B-8793-ACF1DBE2BE0D}"
EndProject
Project("{2150E333-8FDC-42A3-9474-1A3956D46DE8}") = "ProductShowcase", "ProductShowcase", "{A8C6CC93-2078-4792-8F1D-C2783B1AD447}"
EndProject
Project("{2150E333-8FDC-42A3-9474-1A3956D46DE8}") = "ShoppingCart", "ShoppingCart", "{92D86FD3-9BE3-4787-9742-8834A4D83FB5}"
EndProject
Project("{FAE04EC0-301F-11D3-BF4B-00C04F79EFBC}") = "OnlineStore.MVP.Presenters.MainWindow.Account", "OnlineStore.MVP.Presenters.MainWindow.Account\OnlineStore.MVP.Presenters.MainWindow.Account.csproj", "{BCD19CAD-D0AC-402F-97A2-D0CBA54AFE99}"
EndProject
Project("{FAE04EC0-301F-11D3-BF4B-00C04F79EFBC}") = "OnlineStore.MVP.Presenters.MainWindow.ProductShowcase", "OnlineStore.MVP.Presenters.MainWindow.ProductShowcase\OnlineStore.MVP.Presenters.MainWindow.ProductShowcase.csproj", "{52722C60-E469-4922-8667-7290512367C3}"
EndProject
Project("{FAE04EC0-301F-11D3-BF4B-00C04F79EFBC}") = "OnlineStore.MVP.Presenters.MainWindow.ShoppingCart", "OnlineStore.MVP.Presenters.MainWindow.ShoppingCart\OnlineStore.MVP.Presenters.MainWindow.ShoppingCart.csproj", "{BF506C48-D572-4013-AEC8-88BA6F838207}"
EndProject
Project("{FAE04EC0-301F-11D3-BF4B-00C04F79EFBC}") = "OnlineStore.MVP.Presenters.Abstractions.Contracts", "OnlineStore.MVP.Presenters.Abstractions.Contracts\OnlineStore.MVP.Presenters.Abstractions.Contracts.csproj", "{063EDE45-846D-45F4-A234-CF1B716206BF}"
EndProject
Project("{FAE04EC0-301F-11D3-BF4B-00C04F79EFBC}") = "OnlineStore.Services.Abstractions", "OnlineStore.Services.Abstractions\OnlineStore.Services.Abstractions.csproj", "{34446046-1034-4176-A83F-76B4B794F906}"
EndProject
Project("{2150E333-8FDC-42A3-9474-1A3956D46DE8}") = "Utilities", "Utilities", "{2080E455-4684-4C0B-A8EA-BA411E9806E3}"
EndProject
Project("{2150E333-8FDC-42A3-9474-1A3956D46DE8}") = "Caching", "Caching", "{7A0A0334-9E12-4E45-B373-5A0CC3A5FD45}"
EndProject
Project("{2150E333-8FDC-42A3-9474-1A3956D46DE8}") = "Logger", "Logger", "{8FE61073-C131-4BE1-8DDA-EAE16CABA5CC}"
EndProject
Project("{2150E333-8FDC-42A3-9474-1A3956D46DE8}") = "Templates", "Templates", "{EE46AC15-30B4-4E54-9550-C347BF522E87}"
EndProject
Project("{FAE04EC0-301F-11D3-BF4B-00C04F79EFBC}") = "OnlineStore.Services.Utilities.Caching.Abstractions", "OnlineStore.Services.Utilities.Caching.Abstractions\OnlineStore.Services.Utilities.Caching.Abstractions.csproj", "{6FF5897D-EDAF-4209-870D-C102B8EB1B99}"
EndProject
Project("{2150E333-8FDC-42A3-9474-1A3956D46DE8}") = "Abstractions", "Abstractions", "{DAE44145-A036-430F-9A9F-60143ED3BF46}"
EndProject
Project("{2150E333-8FDC-42A3-9474-1A3956D46DE8}") = "InMemory", "InMemory", "{56A786AE-B60B-4C1D-901D-60F952CDC8D7}"
EndProject
Project("{2150E333-8FDC-42A3-9474-1A3956D46DE8}") = "InFile", "InFile", "{CC676634-6611-4BD3-B2C2-776A04145C1E}"
EndProject
Project("{FAE04EC0-301F-11D3-BF4B-00C04F79EFBC}") = "OnlineStore.Services.Utilities.Caching.InMemory", "OnlineStore.Services.Utilities.Caching.InMemory\OnlineStore.Services.Utilities.Caching.InMemory.csproj", "{5632426B-8D7C-4118-866E-0F5B1C352176}"
EndProject
Project("{FAE04EC0-301F-11D3-BF4B-00C04F79EFBC}") = "OnlineStore.Services.Utilities.Caching.InFile", "OnlineStore.Services.Utilities.Caching.InFile\OnlineStore.Services.Utilities.Caching.InFile.csproj", "{43574AF9-C169-4464-862D-F6DF89B7729D}"
EndProject
Project("{2150E333-8FDC-42A3-9474-1A3956D46DE8}") = "Support", "Support", "{D79E1BCF-D860-47AF-8C6B-3BF7A671FFB0}"
EndProject
Project("{FAE04EC0-301F-11D3-BF4B-00C04F79EFBC}") = "OnlineStore.Services.Utilities.Templates", "OnlineStore.Services.Utilities.Templates\OnlineStore.Services.Utilities.Templates.csproj", "{A5F05730-5B19-44FF-96C7-3107F841BCFF}"
EndProject
Project("{2150E333-8FDC-42A3-9474-1A3956D46DE8}") = "Serializer", "Serializer", "{818A900B-8564-4B9D-BFE2-3495A7BB7129}"
EndProject
Project("{FAE04EC0-301F-11D3-BF4B-00C04F79EFBC}") = "OnlineStore.Services.Utilities.Caching.InFile.Support.Serializer.Abstractions", "OnlineStore.Services.Utilities.Caching.InFile.Support.Serializer.Abstractions\OnlineStore.Services.Utilities.Caching.InFile.Support.Serializer.Abstractions.csproj", "{65C050C0-7D51-4FF6-AD46-2F98BF990FA4}"
EndProject
Project("{2150E333-8FDC-42A3-9474-1A3956D46DE8}") = "Yaml", "Yaml", "{0EA2A830-1970-4466-80DD-A478DBB4F31E}"
EndProject
Project("{FAE04EC0-301F-11D3-BF4B-00C04F79EFBC}") = "OnlineStore.Services.Utilities.Caching.InFile.Support.Serializer.Yaml", "OnlineStore.Services.Utilities.Caching.InFile.Support.Serializer.Yaml\OnlineStore.Services.Utilities.Caching.InFile.Support.Serializer.Yaml.csproj", "{6905AC8B-44E9-4F7E-ACB3-DE0D529FAA58}"
EndProject
Project("{FAE04EC0-301F-11D3-BF4B-00C04F79EFBC}") = "OnlineStore.Services.Utilities.Logger.Abstractions", "OnlineStore.Services.Utilities.Logger.Abstractions\OnlineStore.Services.Utilities.Logger.Abstractions.csproj", "{F60F420F-CD77-400B-801D-3A2BB86AD4DF}"
EndProject
Project("{2150E333-8FDC-42A3-9474-1A3956D46DE8}") = "Abstractions", "Abstractions", "{2CF0DEA3-6B3F-4E51-9F68-70AF172AF97D}"
EndProject
Project("{2150E333-8FDC-42A3-9474-1A3956D46DE8}") = "InFile", "InFile", "{75810772-58D9-4BCB-A0FF-937068C7378F}"
EndProject
Project("{FAE04EC0-301F-11D3-BF4B-00C04F79EFBC}") = "OnlineStore.Services.Utilities.Logger.InFile", "OnlineStore.Services.Utilities.Logger.InFile\OnlineStore.Services.Utilities.Logger.InFile.csproj", "{A4BBC202-B7BA-4B6D-A318-23DF071E9612}"
EndProject
Project("{2150E333-8FDC-42A3-9474-1A3956D46DE8}") = "EntityData", "EntityData", "{EA3F513C-8C82-4BF3-B6DB-D3E45F65FC94}"
EndProject
Project("{2150E333-8FDC-42A3-9474-1A3956D46DE8}") = "SqlServer", "SqlServer", "{99FBF93B-AD12-4AD6-82B1-34F935292E93}"
EndProject
Project("{FAE04EC0-301F-11D3-BF4B-00C04F79EFBC}") = "OnlineStore.Services.EntityData.SqlServer", "OnlineStore.Services.EntityData.SqlServer\OnlineStore.Services.EntityData.SqlServer.csproj", "{EC25470F-A0BA-4F5B-A4D7-13ACF945A6D5}"
EndProject
Project("{2150E333-8FDC-42A3-9474-1A3956D46DE8}") = "Common", "Common", "{1601A255-D043-44CD-BD25-2BA137CE77F1}"
EndProject
Project("{FAE04EC0-301F-11D3-BF4B-00C04F79EFBC}") = "OnlineStore.MVP.Presenters.Common", "OnlineStore.MVP.Presenters.Common\OnlineStore.MVP.Presenters.Common.csproj", "{00FE7F95-1983-4B58-8BED-4FF19B92773D}"
EndProject
Global
	GlobalSection(SolutionConfigurationPlatforms) = preSolution
		Debug|Any CPU = Debug|Any CPU
		Release|Any CPU = Release|Any CPU
	EndGlobalSection
	GlobalSection(ProjectConfigurationPlatforms) = postSolution
		{50A3308E-45DA-4C1D-B216-3BC7FE984F4F}.Debug|Any CPU.ActiveCfg = Debug|Any CPU
		{50A3308E-45DA-4C1D-B216-3BC7FE984F4F}.Debug|Any CPU.Build.0 = Debug|Any CPU
		{50A3308E-45DA-4C1D-B216-3BC7FE984F4F}.Release|Any CPU.ActiveCfg = Release|Any CPU
		{50A3308E-45DA-4C1D-B216-3BC7FE984F4F}.Release|Any CPU.Build.0 = Release|Any CPU
		{70269CDE-BA5D-485B-95E1-763F42C71E1A}.Debug|Any CPU.ActiveCfg = Debug|Any CPU
		{70269CDE-BA5D-485B-95E1-763F42C71E1A}.Debug|Any CPU.Build.0 = Debug|Any CPU
		{70269CDE-BA5D-485B-95E1-763F42C71E1A}.Release|Any CPU.ActiveCfg = Release|Any CPU
		{70269CDE-BA5D-485B-95E1-763F42C71E1A}.Release|Any CPU.Build.0 = Release|Any CPU
		{2C84925A-54F8-495E-8917-861153104DC0}.Debug|Any CPU.ActiveCfg = Debug|Any CPU
		{2C84925A-54F8-495E-8917-861153104DC0}.Debug|Any CPU.Build.0 = Debug|Any CPU
		{2C84925A-54F8-495E-8917-861153104DC0}.Release|Any CPU.ActiveCfg = Release|Any CPU
		{2C84925A-54F8-495E-8917-861153104DC0}.Release|Any CPU.Build.0 = Release|Any CPU
		{D996F6EE-DF14-402B-B536-9172A64D15E6}.Debug|Any CPU.ActiveCfg = Debug|Any CPU
		{D996F6EE-DF14-402B-B536-9172A64D15E6}.Debug|Any CPU.Build.0 = Debug|Any CPU
		{D996F6EE-DF14-402B-B536-9172A64D15E6}.Release|Any CPU.ActiveCfg = Release|Any CPU
		{D996F6EE-DF14-402B-B536-9172A64D15E6}.Release|Any CPU.Build.0 = Release|Any CPU
		{6DACD453-E7AB-4555-A847-FB3AF141417E}.Debug|Any CPU.ActiveCfg = Debug|Any CPU
		{6DACD453-E7AB-4555-A847-FB3AF141417E}.Debug|Any CPU.Build.0 = Debug|Any CPU
		{6DACD453-E7AB-4555-A847-FB3AF141417E}.Release|Any CPU.ActiveCfg = Release|Any CPU
		{6DACD453-E7AB-4555-A847-FB3AF141417E}.Release|Any CPU.Build.0 = Release|Any CPU
		{4265287A-7998-4C33-9B8D-753F56F210F2}.Debug|Any CPU.ActiveCfg = Debug|Any CPU
		{4265287A-7998-4C33-9B8D-753F56F210F2}.Debug|Any CPU.Build.0 = Debug|Any CPU
		{4265287A-7998-4C33-9B8D-753F56F210F2}.Release|Any CPU.ActiveCfg = Release|Any CPU
		{4265287A-7998-4C33-9B8D-753F56F210F2}.Release|Any CPU.Build.0 = Release|Any CPU
		{B96B4B95-0103-42ED-8AA9-D904A41F970C}.Debug|Any CPU.ActiveCfg = Debug|Any CPU
		{B96B4B95-0103-42ED-8AA9-D904A41F970C}.Debug|Any CPU.Build.0 = Debug|Any CPU
		{B96B4B95-0103-42ED-8AA9-D904A41F970C}.Release|Any CPU.ActiveCfg = Release|Any CPU
		{B96B4B95-0103-42ED-8AA9-D904A41F970C}.Release|Any CPU.Build.0 = Release|Any CPU
		{21DE2039-0398-460B-8ACF-59053643945E}.Debug|Any CPU.ActiveCfg = Debug|Any CPU
		{21DE2039-0398-460B-8ACF-59053643945E}.Debug|Any CPU.Build.0 = Debug|Any CPU
		{21DE2039-0398-460B-8ACF-59053643945E}.Release|Any CPU.ActiveCfg = Release|Any CPU
		{21DE2039-0398-460B-8ACF-59053643945E}.Release|Any CPU.Build.0 = Release|Any CPU
		{982DEE05-74BE-4C45-8895-85F9F47B6A17}.Debug|Any CPU.ActiveCfg = Debug|Any CPU
		{982DEE05-74BE-4C45-8895-85F9F47B6A17}.Debug|Any CPU.Build.0 = Debug|Any CPU
		{982DEE05-74BE-4C45-8895-85F9F47B6A17}.Release|Any CPU.ActiveCfg = Release|Any CPU
		{982DEE05-74BE-4C45-8895-85F9F47B6A17}.Release|Any CPU.Build.0 = Release|Any CPU
		{4C4FED96-F977-48AB-89E9-F2C5D02871B5}.Debug|Any CPU.ActiveCfg = Debug|Any CPU
		{4C4FED96-F977-48AB-89E9-F2C5D02871B5}.Debug|Any CPU.Build.0 = Debug|Any CPU
		{4C4FED96-F977-48AB-89E9-F2C5D02871B5}.Release|Any CPU.ActiveCfg = Release|Any CPU
		{4C4FED96-F977-48AB-89E9-F2C5D02871B5}.Release|Any CPU.Build.0 = Release|Any CPU
		{D75895F2-D217-4270-91B9-9237B8873292}.Debug|Any CPU.ActiveCfg = Debug|Any CPU
		{D75895F2-D217-4270-91B9-9237B8873292}.Debug|Any CPU.Build.0 = Debug|Any CPU
		{D75895F2-D217-4270-91B9-9237B8873292}.Release|Any CPU.ActiveCfg = Release|Any CPU
		{D75895F2-D217-4270-91B9-9237B8873292}.Release|Any CPU.Build.0 = Release|Any CPU
		{82981E67-14FB-429A-9CD5-41999D231C75}.Debug|Any CPU.ActiveCfg = Debug|Any CPU
		{82981E67-14FB-429A-9CD5-41999D231C75}.Debug|Any CPU.Build.0 = Debug|Any CPU
		{82981E67-14FB-429A-9CD5-41999D231C75}.Release|Any CPU.ActiveCfg = Release|Any CPU
		{82981E67-14FB-429A-9CD5-41999D231C75}.Release|Any CPU.Build.0 = Release|Any CPU
		{9BC06E84-A045-4ACC-A06B-E31421550871}.Debug|Any CPU.ActiveCfg = Debug|Any CPU
		{9BC06E84-A045-4ACC-A06B-E31421550871}.Debug|Any CPU.Build.0 = Debug|Any CPU
		{9BC06E84-A045-4ACC-A06B-E31421550871}.Release|Any CPU.ActiveCfg = Release|Any CPU
		{9BC06E84-A045-4ACC-A06B-E31421550871}.Release|Any CPU.Build.0 = Release|Any CPU
		{BAF869F2-D64E-47BF-917B-06690B502915}.Debug|Any CPU.ActiveCfg = Debug|Any CPU
		{BAF869F2-D64E-47BF-917B-06690B502915}.Debug|Any CPU.Build.0 = Debug|Any CPU
		{BAF869F2-D64E-47BF-917B-06690B502915}.Release|Any CPU.ActiveCfg = Release|Any CPU
		{BAF869F2-D64E-47BF-917B-06690B502915}.Release|Any CPU.Build.0 = Release|Any CPU
		{469FB9D8-B68A-45BD-8D47-003D6F30D993}.Debug|Any CPU.ActiveCfg = Debug|Any CPU
		{469FB9D8-B68A-45BD-8D47-003D6F30D993}.Debug|Any CPU.Build.0 = Debug|Any CPU
		{469FB9D8-B68A-45BD-8D47-003D6F30D993}.Release|Any CPU.ActiveCfg = Release|Any CPU
		{469FB9D8-B68A-45BD-8D47-003D6F30D993}.Release|Any CPU.Build.0 = Release|Any CPU
		{50D4DE8B-745E-4F69-A2AD-048282E0BF0F}.Debug|Any CPU.ActiveCfg = Debug|Any CPU
		{50D4DE8B-745E-4F69-A2AD-048282E0BF0F}.Debug|Any CPU.Build.0 = Debug|Any CPU
		{50D4DE8B-745E-4F69-A2AD-048282E0BF0F}.Release|Any CPU.ActiveCfg = Release|Any CPU
		{50D4DE8B-745E-4F69-A2AD-048282E0BF0F}.Release|Any CPU.Build.0 = Release|Any CPU
		{439DB491-7B42-49E3-A66C-9AAA58BE4266}.Debug|Any CPU.ActiveCfg = Debug|Any CPU
		{439DB491-7B42-49E3-A66C-9AAA58BE4266}.Debug|Any CPU.Build.0 = Debug|Any CPU
		{439DB491-7B42-49E3-A66C-9AAA58BE4266}.Release|Any CPU.ActiveCfg = Release|Any CPU
		{439DB491-7B42-49E3-A66C-9AAA58BE4266}.Release|Any CPU.Build.0 = Release|Any CPU
		{E30B7FD3-B264-4667-A60A-33B3A9CB5656}.Debug|Any CPU.ActiveCfg = Debug|Any CPU
		{E30B7FD3-B264-4667-A60A-33B3A9CB5656}.Debug|Any CPU.Build.0 = Debug|Any CPU
		{E30B7FD3-B264-4667-A60A-33B3A9CB5656}.Release|Any CPU.ActiveCfg = Release|Any CPU
		{E30B7FD3-B264-4667-A60A-33B3A9CB5656}.Release|Any CPU.Build.0 = Release|Any CPU
		{4FDFFC73-2C64-4053-BB76-DF4C1C8AA27A}.Debug|Any CPU.ActiveCfg = Debug|Any CPU
		{4FDFFC73-2C64-4053-BB76-DF4C1C8AA27A}.Debug|Any CPU.Build.0 = Debug|Any CPU
		{4FDFFC73-2C64-4053-BB76-DF4C1C8AA27A}.Release|Any CPU.ActiveCfg = Release|Any CPU
		{4FDFFC73-2C64-4053-BB76-DF4C1C8AA27A}.Release|Any CPU.Build.0 = Release|Any CPU
		{71D46513-DE76-4DB5-B861-DFFEB1A712F8}.Debug|Any CPU.ActiveCfg = Debug|Any CPU
		{71D46513-DE76-4DB5-B861-DFFEB1A712F8}.Debug|Any CPU.Build.0 = Debug|Any CPU
		{71D46513-DE76-4DB5-B861-DFFEB1A712F8}.Release|Any CPU.ActiveCfg = Release|Any CPU
		{71D46513-DE76-4DB5-B861-DFFEB1A712F8}.Release|Any CPU.Build.0 = Release|Any CPU
		{A62FAFC2-DF00-4907-B576-DFCB2323ABB5}.Debug|Any CPU.ActiveCfg = Debug|Any CPU
		{A62FAFC2-DF00-4907-B576-DFCB2323ABB5}.Debug|Any CPU.Build.0 = Debug|Any CPU
		{A62FAFC2-DF00-4907-B576-DFCB2323ABB5}.Release|Any CPU.ActiveCfg = Release|Any CPU
		{A62FAFC2-DF00-4907-B576-DFCB2323ABB5}.Release|Any CPU.Build.0 = Release|Any CPU
		{2ECB5349-685A-4B0E-84F4-D5254D404686}.Debug|Any CPU.ActiveCfg = Debug|Any CPU
		{2ECB5349-685A-4B0E-84F4-D5254D404686}.Debug|Any CPU.Build.0 = Debug|Any CPU
		{2ECB5349-685A-4B0E-84F4-D5254D404686}.Release|Any CPU.ActiveCfg = Release|Any CPU
		{2ECB5349-685A-4B0E-84F4-D5254D404686}.Release|Any CPU.Build.0 = Release|Any CPU
		{5D7E936B-4A51-42C2-974C-5F230F70DE3E}.Debug|Any CPU.ActiveCfg = Debug|Any CPU
		{5D7E936B-4A51-42C2-974C-5F230F70DE3E}.Debug|Any CPU.Build.0 = Debug|Any CPU
		{5D7E936B-4A51-42C2-974C-5F230F70DE3E}.Release|Any CPU.ActiveCfg = Release|Any CPU
		{5D7E936B-4A51-42C2-974C-5F230F70DE3E}.Release|Any CPU.Build.0 = Release|Any CPU
		{B7B2FD87-E15C-4CD4-94AB-F16F5555C0E4}.Debug|Any CPU.ActiveCfg = Debug|Any CPU
		{B7B2FD87-E15C-4CD4-94AB-F16F5555C0E4}.Debug|Any CPU.Build.0 = Debug|Any CPU
		{B7B2FD87-E15C-4CD4-94AB-F16F5555C0E4}.Release|Any CPU.ActiveCfg = Release|Any CPU
		{B7B2FD87-E15C-4CD4-94AB-F16F5555C0E4}.Release|Any CPU.Build.0 = Release|Any CPU
		{4A06C7AE-7AEF-41F1-9265-49C6C4ADA71C}.Debug|Any CPU.ActiveCfg = Debug|Any CPU
		{4A06C7AE-7AEF-41F1-9265-49C6C4ADA71C}.Debug|Any CPU.Build.0 = Debug|Any CPU
		{4A06C7AE-7AEF-41F1-9265-49C6C4ADA71C}.Release|Any CPU.ActiveCfg = Release|Any CPU
		{4A06C7AE-7AEF-41F1-9265-49C6C4ADA71C}.Release|Any CPU.Build.0 = Release|Any CPU
		{6A66A0D7-B283-443C-ABE2-C3E0091C1B8B}.Debug|Any CPU.ActiveCfg = Debug|Any CPU
		{6A66A0D7-B283-443C-ABE2-C3E0091C1B8B}.Debug|Any CPU.Build.0 = Debug|Any CPU
		{6A66A0D7-B283-443C-ABE2-C3E0091C1B8B}.Release|Any CPU.ActiveCfg = Release|Any CPU
		{6A66A0D7-B283-443C-ABE2-C3E0091C1B8B}.Release|Any CPU.Build.0 = Release|Any CPU
		{66239903-F67B-49A8-9B40-50A74D8AFAB2}.Debug|Any CPU.ActiveCfg = Debug|Any CPU
		{66239903-F67B-49A8-9B40-50A74D8AFAB2}.Debug|Any CPU.Build.0 = Debug|Any CPU
		{66239903-F67B-49A8-9B40-50A74D8AFAB2}.Release|Any CPU.ActiveCfg = Release|Any CPU
		{66239903-F67B-49A8-9B40-50A74D8AFAB2}.Release|Any CPU.Build.0 = Release|Any CPU
		{BCD19CAD-D0AC-402F-97A2-D0CBA54AFE99}.Debug|Any CPU.ActiveCfg = Debug|Any CPU
		{BCD19CAD-D0AC-402F-97A2-D0CBA54AFE99}.Debug|Any CPU.Build.0 = Debug|Any CPU
		{BCD19CAD-D0AC-402F-97A2-D0CBA54AFE99}.Release|Any CPU.ActiveCfg = Release|Any CPU
		{BCD19CAD-D0AC-402F-97A2-D0CBA54AFE99}.Release|Any CPU.Build.0 = Release|Any CPU
		{52722C60-E469-4922-8667-7290512367C3}.Debug|Any CPU.ActiveCfg = Debug|Any CPU
		{52722C60-E469-4922-8667-7290512367C3}.Debug|Any CPU.Build.0 = Debug|Any CPU
		{52722C60-E469-4922-8667-7290512367C3}.Release|Any CPU.ActiveCfg = Release|Any CPU
		{52722C60-E469-4922-8667-7290512367C3}.Release|Any CPU.Build.0 = Release|Any CPU
		{BF506C48-D572-4013-AEC8-88BA6F838207}.Debug|Any CPU.ActiveCfg = Debug|Any CPU
		{BF506C48-D572-4013-AEC8-88BA6F838207}.Debug|Any CPU.Build.0 = Debug|Any CPU
		{BF506C48-D572-4013-AEC8-88BA6F838207}.Release|Any CPU.ActiveCfg = Release|Any CPU
		{BF506C48-D572-4013-AEC8-88BA6F838207}.Release|Any CPU.Build.0 = Release|Any CPU
		{063EDE45-846D-45F4-A234-CF1B716206BF}.Debug|Any CPU.ActiveCfg = Debug|Any CPU
		{063EDE45-846D-45F4-A234-CF1B716206BF}.Debug|Any CPU.Build.0 = Debug|Any CPU
		{063EDE45-846D-45F4-A234-CF1B716206BF}.Release|Any CPU.ActiveCfg = Release|Any CPU
		{063EDE45-846D-45F4-A234-CF1B716206BF}.Release|Any CPU.Build.0 = Release|Any CPU
		{34446046-1034-4176-A83F-76B4B794F906}.Debug|Any CPU.ActiveCfg = Debug|Any CPU
		{34446046-1034-4176-A83F-76B4B794F906}.Debug|Any CPU.Build.0 = Debug|Any CPU
		{34446046-1034-4176-A83F-76B4B794F906}.Release|Any CPU.ActiveCfg = Release|Any CPU
		{34446046-1034-4176-A83F-76B4B794F906}.Release|Any CPU.Build.0 = Release|Any CPU
		{6FF5897D-EDAF-4209-870D-C102B8EB1B99}.Debug|Any CPU.ActiveCfg = Debug|Any CPU
		{6FF5897D-EDAF-4209-870D-C102B8EB1B99}.Debug|Any CPU.Build.0 = Debug|Any CPU
		{6FF5897D-EDAF-4209-870D-C102B8EB1B99}.Release|Any CPU.ActiveCfg = Release|Any CPU
		{6FF5897D-EDAF-4209-870D-C102B8EB1B99}.Release|Any CPU.Build.0 = Release|Any CPU
		{5632426B-8D7C-4118-866E-0F5B1C352176}.Debug|Any CPU.ActiveCfg = Debug|Any CPU
		{5632426B-8D7C-4118-866E-0F5B1C352176}.Debug|Any CPU.Build.0 = Debug|Any CPU
		{5632426B-8D7C-4118-866E-0F5B1C352176}.Release|Any CPU.ActiveCfg = Release|Any CPU
		{5632426B-8D7C-4118-866E-0F5B1C352176}.Release|Any CPU.Build.0 = Release|Any CPU
		{43574AF9-C169-4464-862D-F6DF89B7729D}.Debug|Any CPU.ActiveCfg = Debug|Any CPU
		{43574AF9-C169-4464-862D-F6DF89B7729D}.Debug|Any CPU.Build.0 = Debug|Any CPU
		{43574AF9-C169-4464-862D-F6DF89B7729D}.Release|Any CPU.ActiveCfg = Release|Any CPU
		{43574AF9-C169-4464-862D-F6DF89B7729D}.Release|Any CPU.Build.0 = Release|Any CPU
		{A5F05730-5B19-44FF-96C7-3107F841BCFF}.Debug|Any CPU.ActiveCfg = Debug|Any CPU
		{A5F05730-5B19-44FF-96C7-3107F841BCFF}.Debug|Any CPU.Build.0 = Debug|Any CPU
		{A5F05730-5B19-44FF-96C7-3107F841BCFF}.Release|Any CPU.ActiveCfg = Release|Any CPU
		{A5F05730-5B19-44FF-96C7-3107F841BCFF}.Release|Any CPU.Build.0 = Release|Any CPU
		{65C050C0-7D51-4FF6-AD46-2F98BF990FA4}.Debug|Any CPU.ActiveCfg = Debug|Any CPU
		{65C050C0-7D51-4FF6-AD46-2F98BF990FA4}.Debug|Any CPU.Build.0 = Debug|Any CPU
		{65C050C0-7D51-4FF6-AD46-2F98BF990FA4}.Release|Any CPU.ActiveCfg = Release|Any CPU
		{65C050C0-7D51-4FF6-AD46-2F98BF990FA4}.Release|Any CPU.Build.0 = Release|Any CPU
		{6905AC8B-44E9-4F7E-ACB3-DE0D529FAA58}.Debug|Any CPU.ActiveCfg = Debug|Any CPU
		{6905AC8B-44E9-4F7E-ACB3-DE0D529FAA58}.Debug|Any CPU.Build.0 = Debug|Any CPU
		{6905AC8B-44E9-4F7E-ACB3-DE0D529FAA58}.Release|Any CPU.ActiveCfg = Release|Any CPU
		{6905AC8B-44E9-4F7E-ACB3-DE0D529FAA58}.Release|Any CPU.Build.0 = Release|Any CPU
		{F60F420F-CD77-400B-801D-3A2BB86AD4DF}.Debug|Any CPU.ActiveCfg = Debug|Any CPU
		{F60F420F-CD77-400B-801D-3A2BB86AD4DF}.Debug|Any CPU.Build.0 = Debug|Any CPU
		{F60F420F-CD77-400B-801D-3A2BB86AD4DF}.Release|Any CPU.ActiveCfg = Release|Any CPU
		{F60F420F-CD77-400B-801D-3A2BB86AD4DF}.Release|Any CPU.Build.0 = Release|Any CPU
		{A4BBC202-B7BA-4B6D-A318-23DF071E9612}.Debug|Any CPU.ActiveCfg = Debug|Any CPU
		{A4BBC202-B7BA-4B6D-A318-23DF071E9612}.Debug|Any CPU.Build.0 = Debug|Any CPU
		{A4BBC202-B7BA-4B6D-A318-23DF071E9612}.Release|Any CPU.ActiveCfg = Release|Any CPU
		{A4BBC202-B7BA-4B6D-A318-23DF071E9612}.Release|Any CPU.Build.0 = Release|Any CPU
		{EC25470F-A0BA-4F5B-A4D7-13ACF945A6D5}.Debug|Any CPU.ActiveCfg = Debug|Any CPU
		{EC25470F-A0BA-4F5B-A4D7-13ACF945A6D5}.Debug|Any CPU.Build.0 = Debug|Any CPU
		{EC25470F-A0BA-4F5B-A4D7-13ACF945A6D5}.Release|Any CPU.ActiveCfg = Release|Any CPU
		{EC25470F-A0BA-4F5B-A4D7-13ACF945A6D5}.Release|Any CPU.Build.0 = Release|Any CPU
		{00FE7F95-1983-4B58-8BED-4FF19B92773D}.Debug|Any CPU.ActiveCfg = Debug|Any CPU
		{00FE7F95-1983-4B58-8BED-4FF19B92773D}.Debug|Any CPU.Build.0 = Debug|Any CPU
		{00FE7F95-1983-4B58-8BED-4FF19B92773D}.Release|Any CPU.ActiveCfg = Release|Any CPU
		{00FE7F95-1983-4B58-8BED-4FF19B92773D}.Release|Any CPU.Build.0 = Release|Any CPU
	EndGlobalSection
	GlobalSection(SolutionProperties) = preSolution
		HideSolutionNode = FALSE
	EndGlobalSection
	GlobalSection(NestedProjects) = preSolution
		{50A3308E-45DA-4C1D-B216-3BC7FE984F4F} = {B44FFC80-4837-4B6B-B473-877CE4700BA2}
		{90122F37-D555-4096-A3AB-6B6203B1AB06} = {585F3002-807A-4B28-8318-37B771523429}
		{87091E70-9C63-4560-A664-8B4586787AC8} = {585F3002-807A-4B28-8318-37B771523429}
		{506944E8-7866-49E6-A9F1-78731BD1528D} = {585F3002-807A-4B28-8318-37B771523429}
		{30C953B1-016D-48B4-AA7E-FAD534F6A2D4} = {87091E70-9C63-4560-A664-8B4586787AC8}
		{15346B7D-1E5C-4FD3-BA53-7D72AE8F8908} = {90122F37-D555-4096-A3AB-6B6203B1AB06}
		{F16B8ED8-BAD2-4C14-A3D5-BA2E11376342} = {3D645AC8-7257-429D-90BB-957E89C9CEBB}
		{2729D129-5EB0-4A09-95A4-49CE4A40B3AB} = {6225828D-CEC2-498E-972E-8CF0C33C35CB}
		{1AAA8BF2-F261-4B03-B8AC-FE5112D13141} = {90122F37-D555-4096-A3AB-6B6203B1AB06}
		{B44FFC80-4837-4B6B-B473-877CE4700BA2} = {1AAA8BF2-F261-4B03-B8AC-FE5112D13141}
		{7B82DDE5-AE0F-47CA-8D92-C044AB673E37} = {1AAA8BF2-F261-4B03-B8AC-FE5112D13141}
		{FD3C2E12-7738-409D-86AB-CDA7AABA6B12} = {15346B7D-1E5C-4FD3-BA53-7D72AE8F8908}
		{70269CDE-BA5D-485B-95E1-763F42C71E1A} = {FD3C2E12-7738-409D-86AB-CDA7AABA6B12}
		{1E77DFA0-8FD1-458C-9077-1102AF1BB97E} = {15346B7D-1E5C-4FD3-BA53-7D72AE8F8908}
		{5F680869-934B-42FA-BC23-34C040350058} = {15346B7D-1E5C-4FD3-BA53-7D72AE8F8908}
		{29C2FED1-FEFB-4AEC-97FE-F31C5234B7D9} = {30C953B1-016D-48B4-AA7E-FAD534F6A2D4}
		{7A4EE81C-D371-47CD-8B26-D8CC646D7D6F} = {30C953B1-016D-48B4-AA7E-FAD534F6A2D4}
		{9766F7AD-4314-410B-A439-C6B191693706} = {3D645AC8-7257-429D-90BB-957E89C9CEBB}
		{B3E6DC6A-CEDF-48A3-A481-0C9ECFAB21DC} = {9766F7AD-4314-410B-A439-C6B191693706}
		{F01DBAFC-91C9-4E4D-BF4E-C9AE6958C367} = {9766F7AD-4314-410B-A439-C6B191693706}
		{9D264251-C32B-4B30-9024-16072D7B9150} = {F01DBAFC-91C9-4E4D-BF4E-C9AE6958C367}
		{068F0FFC-D4BE-4EC4-8BC0-F071221FDA04} = {B3E6DC6A-CEDF-48A3-A481-0C9ECFAB21DC}
		{3FED8BAE-13C0-4869-A67D-B4491D5CEB41} = {F01DBAFC-91C9-4E4D-BF4E-C9AE6958C367}
		{B954F286-59F0-4F98-959C-E8F9B3117A40} = {B3E6DC6A-CEDF-48A3-A481-0C9ECFAB21DC}
		{67F95A80-74A9-42D9-AF87-03D46EB672D7} = {3DB1BA60-97FC-4793-B7B2-0A8CDEB23A27}
		{4EA45A48-6727-4FFE-B6A0-508D92B9B0FD} = {67F95A80-74A9-42D9-AF87-03D46EB672D7}
		{B02F71AF-3598-4E96-B19A-4A55B2596164} = {4EA45A48-6727-4FFE-B6A0-508D92B9B0FD}
		{353A8CAD-EFD7-4030-A52C-3213B1298023} = {B02F71AF-3598-4E96-B19A-4A55B2596164}
		{EB068DF1-FEAF-4088-9546-ED9C92676AD8} = {67F95A80-74A9-42D9-AF87-03D46EB672D7}
		{CD1CFBEB-85A0-475C-85A7-DEBCCEBAEDE2} = {67F95A80-74A9-42D9-AF87-03D46EB672D7}
		{9992E858-3C1C-4E6C-8584-DEB26B9F54A3} = {4EA45A48-6727-4FFE-B6A0-508D92B9B0FD}
		{2C84925A-54F8-495E-8917-861153104DC0} = {CD1CFBEB-85A0-475C-85A7-DEBCCEBAEDE2}
		{D996F6EE-DF14-402B-B536-9172A64D15E6} = {EB068DF1-FEAF-4088-9546-ED9C92676AD8}
		{BABD0A42-77CB-49F5-A3F8-A7793552F46B} = {B02F71AF-3598-4E96-B19A-4A55B2596164}
		{40DE4594-55A5-4864-B921-260EF1C5E040} = {BABD0A42-77CB-49F5-A3F8-A7793552F46B}
		{6DACD453-E7AB-4555-A847-FB3AF141417E} = {40DE4594-55A5-4864-B921-260EF1C5E040}
		{4265287A-7998-4C33-9B8D-753F56F210F2} = {353A8CAD-EFD7-4030-A52C-3213B1298023}
		{B96B4B95-0103-42ED-8AA9-D904A41F970C} = {F4571297-A89E-483A-B0E7-C6FF79EE5825}
		{F387EB6F-5F89-431F-A0C2-42C0A48F09EA} = {9992E858-3C1C-4E6C-8584-DEB26B9F54A3}
		{D340CC1C-0329-42F0-AC31-43BF3EE79E84} = {F387EB6F-5F89-431F-A0C2-42C0A48F09EA}
		{271817FF-93B7-478C-B469-2217B1306E0F} = {F387EB6F-5F89-431F-A0C2-42C0A48F09EA}
		{375A01B2-623C-43ED-B0BE-5EB482FC0D28} = {271817FF-93B7-478C-B469-2217B1306E0F}
		{21DE2039-0398-460B-8ACF-59053643945E} = {D340CC1C-0329-42F0-AC31-43BF3EE79E84}
		{982DEE05-74BE-4C45-8895-85F9F47B6A17} = {375A01B2-623C-43ED-B0BE-5EB482FC0D28}
		{352B0169-BCF1-408A-9637-E96605860680} = {3DB1BA60-97FC-4793-B7B2-0A8CDEB23A27}
		{CCA3449F-EA44-4ED6-B9E6-AC40A40FE9D3} = {352B0169-BCF1-408A-9637-E96605860680}
		{A58DDFF8-BAF7-4428-A246-96686ACA4EC2} = {352B0169-BCF1-408A-9637-E96605860680}
		{4C4FED96-F977-48AB-89E9-F2C5D02871B5} = {CCA3449F-EA44-4ED6-B9E6-AC40A40FE9D3}
		{D75895F2-D217-4270-91B9-9237B8873292} = {A58DDFF8-BAF7-4428-A246-96686ACA4EC2}
		{82981E67-14FB-429A-9CD5-41999D231C75} = {3D645AC8-7257-429D-90BB-957E89C9CEBB}
		{9BC06E84-A045-4ACC-A06B-E31421550871} = {F16B8ED8-BAD2-4C14-A3D5-BA2E11376342}
		{BAF869F2-D64E-47BF-917B-06690B502915} = {068F0FFC-D4BE-4EC4-8BC0-F071221FDA04}
		{469FB9D8-B68A-45BD-8D47-003D6F30D993} = {B954F286-59F0-4F98-959C-E8F9B3117A40}
		{50D4DE8B-745E-4F69-A2AD-048282E0BF0F} = {7B82DDE5-AE0F-47CA-8D92-C044AB673E37}
		{F267D7AF-C284-41C4-AB27-5336030F67F5} = {1AAA8BF2-F261-4B03-B8AC-FE5112D13141}
		{439DB491-7B42-49E3-A66C-9AAA58BE4266} = {9D264251-C32B-4B30-9024-16072D7B9150}
		{E30B7FD3-B264-4667-A60A-33B3A9CB5656} = {3FED8BAE-13C0-4869-A67D-B4491D5CEB41}
		{4FDFFC73-2C64-4053-BB76-DF4C1C8AA27A} = {7A4EE81C-D371-47CD-8B26-D8CC646D7D6F}
		{71D46513-DE76-4DB5-B861-DFFEB1A712F8} = {1E77DFA0-8FD1-458C-9077-1102AF1BB97E}
		{A62FAFC2-DF00-4907-B576-DFCB2323ABB5} = {9E5519F1-73AF-4A44-9E48-178484D42095}
		{9E5519F1-73AF-4A44-9E48-178484D42095} = {506944E8-7866-49E6-A9F1-78731BD1528D}
		{10C44CEA-88AC-45B0-BAEA-DFE23B1026BC} = {506944E8-7866-49E6-A9F1-78731BD1528D}
		{2ECB5349-685A-4B0E-84F4-D5254D404686} = {10C44CEA-88AC-45B0-BAEA-DFE23B1026BC}
		{AEB1D298-D231-42E1-844B-E897A85771EB} = {506944E8-7866-49E6-A9F1-78731BD1528D}
		{5D7E936B-4A51-42C2-974C-5F230F70DE3E} = {AEB1D298-D231-42E1-844B-E897A85771EB}
		{B7B2FD87-E15C-4CD4-94AB-F16F5555C0E4} = {5F680869-934B-42FA-BC23-34C040350058}
		{44DE19F9-B261-475B-847F-4B9301E6CB11} = {87091E70-9C63-4560-A664-8B4586787AC8}
		{0EE1FA21-3A5C-46C3-A8FD-53A89A6ABDB6} = {87091E70-9C63-4560-A664-8B4586787AC8}
		{4A06C7AE-7AEF-41F1-9265-49C6C4ADA71C} = {F267D7AF-C284-41C4-AB27-5336030F67F5}
		{6A66A0D7-B283-443C-ABE2-C3E0091C1B8B} = {44DE19F9-B261-475B-847F-4B9301E6CB11}
		{66239903-F67B-49A8-9B40-50A74D8AFAB2} = {0EE1FA21-3A5C-46C3-A8FD-53A89A6ABDB6}
		{C0DD7201-AFE3-473D-8732-6CDD9AD6F644} = {0EE1FA21-3A5C-46C3-A8FD-53A89A6ABDB6}
		{A4CA62C8-F369-4A7B-8793-ACF1DBE2BE0D} = {C0DD7201-AFE3-473D-8732-6CDD9AD6F644}
		{A8C6CC93-2078-4792-8F1D-C2783B1AD447} = {C0DD7201-AFE3-473D-8732-6CDD9AD6F644}
		{92D86FD3-9BE3-4787-9742-8834A4D83FB5} = {C0DD7201-AFE3-473D-8732-6CDD9AD6F644}
		{BCD19CAD-D0AC-402F-97A2-D0CBA54AFE99} = {A4CA62C8-F369-4A7B-8793-ACF1DBE2BE0D}
		{52722C60-E469-4922-8667-7290512367C3} = {A8C6CC93-2078-4792-8F1D-C2783B1AD447}
		{BF506C48-D572-4013-AEC8-88BA6F838207} = {92D86FD3-9BE3-4787-9742-8834A4D83FB5}
		{063EDE45-846D-45F4-A234-CF1B716206BF} = {29C2FED1-FEFB-4AEC-97FE-F31C5234B7D9}
		{34446046-1034-4176-A83F-76B4B794F906} = {2729D129-5EB0-4A09-95A4-49CE4A40B3AB}
		{2080E455-4684-4C0B-A8EA-BA411E9806E3} = {6225828D-CEC2-498E-972E-8CF0C33C35CB}
		{7A0A0334-9E12-4E45-B373-5A0CC3A5FD45} = {2080E455-4684-4C0B-A8EA-BA411E9806E3}
		{8FE61073-C131-4BE1-8DDA-EAE16CABA5CC} = {2080E455-4684-4C0B-A8EA-BA411E9806E3}
		{EE46AC15-30B4-4E54-9550-C347BF522E87} = {2080E455-4684-4C0B-A8EA-BA411E9806E3}
		{6FF5897D-EDAF-4209-870D-C102B8EB1B99} = {DAE44145-A036-430F-9A9F-60143ED3BF46}
		{DAE44145-A036-430F-9A9F-60143ED3BF46} = {7A0A0334-9E12-4E45-B373-5A0CC3A5FD45}
		{56A786AE-B60B-4C1D-901D-60F952CDC8D7} = {7A0A0334-9E12-4E45-B373-5A0CC3A5FD45}
		{CC676634-6611-4BD3-B2C2-776A04145C1E} = {7A0A0334-9E12-4E45-B373-5A0CC3A5FD45}
		{5632426B-8D7C-4118-866E-0F5B1C352176} = {56A786AE-B60B-4C1D-901D-60F952CDC8D7}
		{43574AF9-C169-4464-862D-F6DF89B7729D} = {CC676634-6611-4BD3-B2C2-776A04145C1E}
		{D79E1BCF-D860-47AF-8C6B-3BF7A671FFB0} = {CC676634-6611-4BD3-B2C2-776A04145C1E}
		{A5F05730-5B19-44FF-96C7-3107F841BCFF} = {EE46AC15-30B4-4E54-9550-C347BF522E87}
		{818A900B-8564-4B9D-BFE2-3495A7BB7129} = {D79E1BCF-D860-47AF-8C6B-3BF7A671FFB0}
		{65C050C0-7D51-4FF6-AD46-2F98BF990FA4} = {818A900B-8564-4B9D-BFE2-3495A7BB7129}
		{0EA2A830-1970-4466-80DD-A478DBB4F31E} = {D79E1BCF-D860-47AF-8C6B-3BF7A671FFB0}
		{6905AC8B-44E9-4F7E-ACB3-DE0D529FAA58} = {0EA2A830-1970-4466-80DD-A478DBB4F31E}
		{F60F420F-CD77-400B-801D-3A2BB86AD4DF} = {2CF0DEA3-6B3F-4E51-9F68-70AF172AF97D}
		{2CF0DEA3-6B3F-4E51-9F68-70AF172AF97D} = {8FE61073-C131-4BE1-8DDA-EAE16CABA5CC}
		{75810772-58D9-4BCB-A0FF-937068C7378F} = {8FE61073-C131-4BE1-8DDA-EAE16CABA5CC}
		{A4BBC202-B7BA-4B6D-A318-23DF071E9612} = {75810772-58D9-4BCB-A0FF-937068C7378F}
		{EA3F513C-8C82-4BF3-B6DB-D3E45F65FC94} = {6225828D-CEC2-498E-972E-8CF0C33C35CB}
		{99FBF93B-AD12-4AD6-82B1-34F935292E93} = {EA3F513C-8C82-4BF3-B6DB-D3E45F65FC94}
		{EC25470F-A0BA-4F5B-A4D7-13ACF945A6D5} = {99FBF93B-AD12-4AD6-82B1-34F935292E93}
		{1601A255-D043-44CD-BD25-2BA137CE77F1} = {87091E70-9C63-4560-A664-8B4586787AC8}
		{00FE7F95-1983-4B58-8BED-4FF19B92773D} = {1601A255-D043-44CD-BD25-2BA137CE77F1}
	EndGlobalSection
	GlobalSection(ExtensibilityGlobals) = postSolution
		SolutionGuid = {8491D38D-E351-4032-BDF5-DC13DC204627}
	EndGlobalSection
EndGlobal
